// !$*UTF8*$!
{
	archiveVersion = 1;
	classes = {
	};
	objectVersion = 56;
	objects = {

/* Begin PBXBuildFile section */
		370736F629FDC697009B9514 /* WorkoutJApp.swift in Sources */ = {isa = PBXBuildFile; fileRef = 370736F529FDC697009B9514 /* WorkoutJApp.swift */; };
		370736F829FDC697009B9514 /* Persistence.swift in Sources */ = {isa = PBXBuildFile; fileRef = 370736F729FDC697009B9514 /* Persistence.swift */; };
		370736FB29FDC697009B9514 /* WorkoutJ.xcdatamodeld in Sources */ = {isa = PBXBuildFile; fileRef = 370736F929FDC697009B9514 /* WorkoutJ.xcdatamodeld */; };
		370736FD29FDC697009B9514 /* WorkoutsView.swift in Sources */ = {isa = PBXBuildFile; fileRef = 370736FC29FDC697009B9514 /* WorkoutsView.swift */; };
		370736FF29FDC698009B9514 /* Assets.xcassets in Resources */ = {isa = PBXBuildFile; fileRef = 370736FE29FDC698009B9514 /* Assets.xcassets */; };
		3707370329FDC698009B9514 /* Preview Assets.xcassets in Resources */ = {isa = PBXBuildFile; fileRef = 3707370229FDC698009B9514 /* Preview Assets.xcassets */; };
		3707370C29FDCD79009B9514 /* DataHolder.swift in Sources */ = {isa = PBXBuildFile; fileRef = 3707370B29FDCD79009B9514 /* DataHolder.swift */; };
		3707371129FDCE0B009B9514 /* Workout+CoreDataClass.swift in Sources */ = {isa = PBXBuildFile; fileRef = 3707370D29FDCE0B009B9514 /* Workout+CoreDataClass.swift */; };
		3707371229FDCE0B009B9514 /* Workout+CoreDataProperties.swift in Sources */ = {isa = PBXBuildFile; fileRef = 3707370E29FDCE0B009B9514 /* Workout+CoreDataProperties.swift */; };
		3707371329FDCE0B009B9514 /* Exercise+CoreDataClass.swift in Sources */ = {isa = PBXBuildFile; fileRef = 3707370F29FDCE0B009B9514 /* Exercise+CoreDataClass.swift */; };
		3707371429FDCE0B009B9514 /* Exercise+CoreDataProperties.swift in Sources */ = {isa = PBXBuildFile; fileRef = 3707371029FDCE0B009B9514 /* Exercise+CoreDataProperties.swift */; };
		3707371629FDD56F009B9514 /* CreateUpdateWorkoutView.swift in Sources */ = {isa = PBXBuildFile; fileRef = 3707371529FDD56F009B9514 /* CreateUpdateWorkoutView.swift */; };
		3707371829FED0DA009B9514 /* AddWorkoutBtnView.swift in Sources */ = {isa = PBXBuildFile; fileRef = 3707371729FED0DA009B9514 /* AddWorkoutBtnView.swift */; };
		3707371E29FFD769009B9514 /* OneWorkoutPlanView.swift in Sources */ = {isa = PBXBuildFile; fileRef = 3707371D29FFD769009B9514 /* OneWorkoutPlanView.swift */; };
		370737202A0020F8009B9514 /* CreateUpdateExerciseView.swift in Sources */ = {isa = PBXBuildFile; fileRef = 3707371F2A0020F8009B9514 /* CreateUpdateExerciseView.swift */; };
		370737222A003F86009B9514 /* AddExerciseBtnView.swift in Sources */ = {isa = PBXBuildFile; fileRef = 370737212A003F86009B9514 /* AddExerciseBtnView.swift */; };
		370737252A08643D009B9514 /* OneWorkoutCellView.swift in Sources */ = {isa = PBXBuildFile; fileRef = 370737242A08643D009B9514 /* OneWorkoutCellView.swift */; };
		370737272A086732009B9514 /* CheckBoxView.swift in Sources */ = {isa = PBXBuildFile; fileRef = 370737262A086732009B9514 /* CheckBoxView.swift */; };
		3707372A2A08FE41009B9514 /* ShareService.swift in Sources */ = {isa = PBXBuildFile; fileRef = 370737292A08FE41009B9514 /* ShareService.swift */; };
		3707372C2A09002C009B9514 /* ShareModels.swift in Sources */ = {isa = PBXBuildFile; fileRef = 3707372B2A09002C009B9514 /* ShareModels.swift */; };
		3707372F2A09147D009B9514 /* SetOfExercise+CoreDataClass.swift in Sources */ = {isa = PBXBuildFile; fileRef = 3707372D2A09147D009B9514 /* SetOfExercise+CoreDataClass.swift */; };
		370737302A09147D009B9514 /* SetOfExercise+CoreDataProperties.swift in Sources */ = {isa = PBXBuildFile; fileRef = 3707372E2A09147D009B9514 /* SetOfExercise+CoreDataProperties.swift */; };
		377C62402A19051800383082 /* OneWorkoutInfoView.swift in Sources */ = {isa = PBXBuildFile; fileRef = 377C623F2A19051800383082 /* OneWorkoutInfoView.swift */; };
		377C62442A19BA5300383082 /* PersonView.swift in Sources */ = {isa = PBXBuildFile; fileRef = 377C62432A19BA5300383082 /* PersonView.swift */; };
		377C62462A1A63CF00383082 /* OpenPersonStatsBtnView.swift in Sources */ = {isa = PBXBuildFile; fileRef = 377C62452A1A63CF00383082 /* OpenPersonStatsBtnView.swift */; };
		377C624D2A1A725500383082 /* PersonSizes+CoreDataClass.swift in Sources */ = {isa = PBXBuildFile; fileRef = 377C62472A1A725500383082 /* PersonSizes+CoreDataClass.swift */; };
		377C624E2A1A725500383082 /* PersonSizes+CoreDataProperties.swift in Sources */ = {isa = PBXBuildFile; fileRef = 377C62482A1A725500383082 /* PersonSizes+CoreDataProperties.swift */; };
		377C624F2A1A725500383082 /* PersonPerformance+CoreDataClass.swift in Sources */ = {isa = PBXBuildFile; fileRef = 377C62492A1A725500383082 /* PersonPerformance+CoreDataClass.swift */; };
		377C62502A1A725500383082 /* PersonPerformance+CoreDataProperties.swift in Sources */ = {isa = PBXBuildFile; fileRef = 377C624A2A1A725500383082 /* PersonPerformance+CoreDataProperties.swift */; };
		377C62512A1A725500383082 /* Person+CoreDataClass.swift in Sources */ = {isa = PBXBuildFile; fileRef = 377C624B2A1A725500383082 /* Person+CoreDataClass.swift */; };
		377C62522A1A725500383082 /* Person+CoreDataProperties.swift in Sources */ = {isa = PBXBuildFile; fileRef = 377C624C2A1A725500383082 /* Person+CoreDataProperties.swift */; };
		37DCB8952A104882000AF931 /* REF_ToModelExtension.swift in Sources */ = {isa = PBXBuildFile; fileRef = 37DCB8942A104882000AF931 /* REF_ToModelExtension.swift */; };
		37DCB8972A1048A0000AF931 /* Formatter.swift in Sources */ = {isa = PBXBuildFile; fileRef = 37DCB8962A1048A0000AF931 /* Formatter.swift */; };
		37DCB89D2A1049DA000AF931 /* OneSetView.swift in Sources */ = {isa = PBXBuildFile; fileRef = 37DCB89C2A1049DA000AF931 /* OneSetView.swift */; };
		37EC4EE92A14359C00682550 /* OneExerciseCellView.swift in Sources */ = {isa = PBXBuildFile; fileRef = 37EC4EE82A14359C00682550 /* OneExerciseCellView.swift */; };
/* End PBXBuildFile section */

/* Begin PBXFileReference section */
		370736F229FDC697009B9514 /* WorkoutJ.app */ = {isa = PBXFileReference; explicitFileType = wrapper.application; includeInIndex = 0; path = WorkoutJ.app; sourceTree = BUILT_PRODUCTS_DIR; };
		370736F529FDC697009B9514 /* WorkoutJApp.swift */ = {isa = PBXFileReference; lastKnownFileType = sourcecode.swift; path = WorkoutJApp.swift; sourceTree = "<group>"; };
		370736F729FDC697009B9514 /* Persistence.swift */ = {isa = PBXFileReference; lastKnownFileType = sourcecode.swift; path = Persistence.swift; sourceTree = "<group>"; };
		370736FA29FDC697009B9514 /* WorkoutJ.xcdatamodel */ = {isa = PBXFileReference; lastKnownFileType = wrapper.xcdatamodel; path = WorkoutJ.xcdatamodel; sourceTree = "<group>"; };
		370736FC29FDC697009B9514 /* WorkoutsView.swift */ = {isa = PBXFileReference; lastKnownFileType = sourcecode.swift; path = WorkoutsView.swift; sourceTree = "<group>"; };
		370736FE29FDC698009B9514 /* Assets.xcassets */ = {isa = PBXFileReference; lastKnownFileType = folder.assetcatalog; path = Assets.xcassets; sourceTree = "<group>"; };
		3707370029FDC698009B9514 /* WorkoutJ.entitlements */ = {isa = PBXFileReference; lastKnownFileType = text.plist.entitlements; path = WorkoutJ.entitlements; sourceTree = "<group>"; };
		3707370229FDC698009B9514 /* Preview Assets.xcassets */ = {isa = PBXFileReference; lastKnownFileType = folder.assetcatalog; path = "Preview Assets.xcassets"; sourceTree = "<group>"; };
		3707370B29FDCD79009B9514 /* DataHolder.swift */ = {isa = PBXFileReference; lastKnownFileType = sourcecode.swift; path = DataHolder.swift; sourceTree = "<group>"; };
		3707370D29FDCE0B009B9514 /* Workout+CoreDataClass.swift */ = {isa = PBXFileReference; lastKnownFileType = sourcecode.swift; path = "Workout+CoreDataClass.swift"; sourceTree = SOURCE_ROOT; };
		3707370E29FDCE0B009B9514 /* Workout+CoreDataProperties.swift */ = {isa = PBXFileReference; lastKnownFileType = sourcecode.swift; path = "Workout+CoreDataProperties.swift"; sourceTree = SOURCE_ROOT; };
		3707370F29FDCE0B009B9514 /* Exercise+CoreDataClass.swift */ = {isa = PBXFileReference; lastKnownFileType = sourcecode.swift; path = "Exercise+CoreDataClass.swift"; sourceTree = SOURCE_ROOT; };
		3707371029FDCE0B009B9514 /* Exercise+CoreDataProperties.swift */ = {isa = PBXFileReference; lastKnownFileType = sourcecode.swift; path = "Exercise+CoreDataProperties.swift"; sourceTree = SOURCE_ROOT; };
		3707371529FDD56F009B9514 /* CreateUpdateWorkoutView.swift */ = {isa = PBXFileReference; lastKnownFileType = sourcecode.swift; path = CreateUpdateWorkoutView.swift; sourceTree = "<group>"; };
		3707371729FED0DA009B9514 /* AddWorkoutBtnView.swift */ = {isa = PBXFileReference; lastKnownFileType = sourcecode.swift; path = AddWorkoutBtnView.swift; sourceTree = "<group>"; };
		3707371D29FFD769009B9514 /* OneWorkoutPlanView.swift */ = {isa = PBXFileReference; lastKnownFileType = sourcecode.swift; path = OneWorkoutPlanView.swift; sourceTree = "<group>"; };
		3707371F2A0020F8009B9514 /* CreateUpdateExerciseView.swift */ = {isa = PBXFileReference; lastKnownFileType = sourcecode.swift; path = CreateUpdateExerciseView.swift; sourceTree = "<group>"; };
		370737212A003F86009B9514 /* AddExerciseBtnView.swift */ = {isa = PBXFileReference; lastKnownFileType = sourcecode.swift; path = AddExerciseBtnView.swift; sourceTree = "<group>"; };
		370737232A03E809009B9514 /* readme.md */ = {isa = PBXFileReference; lastKnownFileType = net.daringfireball.markdown; path = readme.md; sourceTree = "<group>"; };
		370737242A08643D009B9514 /* OneWorkoutCellView.swift */ = {isa = PBXFileReference; lastKnownFileType = sourcecode.swift; path = OneWorkoutCellView.swift; sourceTree = "<group>"; };
		370737262A086732009B9514 /* CheckBoxView.swift */ = {isa = PBXFileReference; lastKnownFileType = sourcecode.swift; path = CheckBoxView.swift; sourceTree = "<group>"; };
		370737292A08FE41009B9514 /* ShareService.swift */ = {isa = PBXFileReference; lastKnownFileType = sourcecode.swift; path = ShareService.swift; sourceTree = "<group>"; };
		3707372B2A09002C009B9514 /* ShareModels.swift */ = {isa = PBXFileReference; lastKnownFileType = sourcecode.swift; path = ShareModels.swift; sourceTree = "<group>"; };
		3707372D2A09147D009B9514 /* SetOfExercise+CoreDataClass.swift */ = {isa = PBXFileReference; lastKnownFileType = sourcecode.swift; path = "SetOfExercise+CoreDataClass.swift"; sourceTree = SOURCE_ROOT; };
		3707372E2A09147D009B9514 /* SetOfExercise+CoreDataProperties.swift */ = {isa = PBXFileReference; lastKnownFileType = sourcecode.swift; path = "SetOfExercise+CoreDataProperties.swift"; sourceTree = SOURCE_ROOT; };
		377C623F2A19051800383082 /* OneWorkoutInfoView.swift */ = {isa = PBXFileReference; lastKnownFileType = sourcecode.swift; path = OneWorkoutInfoView.swift; sourceTree = "<group>"; };
		377C62432A19BA5300383082 /* PersonView.swift */ = {isa = PBXFileReference; lastKnownFileType = sourcecode.swift; path = PersonView.swift; sourceTree = "<group>"; };
		377C62452A1A63CF00383082 /* OpenPersonStatsBtnView.swift */ = {isa = PBXFileReference; lastKnownFileType = sourcecode.swift; path = OpenPersonStatsBtnView.swift; sourceTree = "<group>"; };
		377C62472A1A725500383082 /* PersonSizes+CoreDataClass.swift */ = {isa = PBXFileReference; lastKnownFileType = sourcecode.swift; path = "PersonSizes+CoreDataClass.swift"; sourceTree = SOURCE_ROOT; };
		377C62482A1A725500383082 /* PersonSizes+CoreDataProperties.swift */ = {isa = PBXFileReference; lastKnownFileType = sourcecode.swift; path = "PersonSizes+CoreDataProperties.swift"; sourceTree = SOURCE_ROOT; };
		377C62492A1A725500383082 /* PersonPerformance+CoreDataClass.swift */ = {isa = PBXFileReference; lastKnownFileType = sourcecode.swift; path = "PersonPerformance+CoreDataClass.swift"; sourceTree = SOURCE_ROOT; };
		377C624A2A1A725500383082 /* PersonPerformance+CoreDataProperties.swift */ = {isa = PBXFileReference; lastKnownFileType = sourcecode.swift; path = "PersonPerformance+CoreDataProperties.swift"; sourceTree = SOURCE_ROOT; };
		377C624B2A1A725500383082 /* Person+CoreDataClass.swift */ = {isa = PBXFileReference; lastKnownFileType = sourcecode.swift; path = "Person+CoreDataClass.swift"; sourceTree = SOURCE_ROOT; };
		377C624C2A1A725500383082 /* Person+CoreDataProperties.swift */ = {isa = PBXFileReference; lastKnownFileType = sourcecode.swift; path = "Person+CoreDataProperties.swift"; sourceTree = SOURCE_ROOT; };
		37DCB8942A104882000AF931 /* REF_ToModelExtension.swift */ = {isa = PBXFileReference; lastKnownFileType = sourcecode.swift; path = REF_ToModelExtension.swift; sourceTree = "<group>"; };
		37DCB8962A1048A0000AF931 /* Formatter.swift */ = {isa = PBXFileReference; lastKnownFileType = sourcecode.swift; path = Formatter.swift; sourceTree = "<group>"; };
		37DCB89C2A1049DA000AF931 /* OneSetView.swift */ = {isa = PBXFileReference; lastKnownFileType = sourcecode.swift; path = OneSetView.swift; sourceTree = "<group>"; };
		37EC4EE82A14359C00682550 /* OneExerciseCellView.swift */ = {isa = PBXFileReference; lastKnownFileType = sourcecode.swift; path = OneExerciseCellView.swift; sourceTree = "<group>"; };
/* End PBXFileReference section */

/* Begin PBXFrameworksBuildPhase section */
		370736EF29FDC697009B9514 /* Frameworks */ = {
			isa = PBXFrameworksBuildPhase;
			buildActionMask = 2147483647;
			files = (
			);
			runOnlyForDeploymentPostprocessing = 0;
		};
/* End PBXFrameworksBuildPhase section */

/* Begin PBXGroup section */
		370736E929FDC697009B9514 = {
			isa = PBXGroup;
			children = (
				370737232A03E809009B9514 /* readme.md */,
				370736F429FDC697009B9514 /* WorkoutJ */,
				370736F329FDC697009B9514 /* Products */,
			);
			sourceTree = "<group>";
		};
		370736F329FDC697009B9514 /* Products */ = {
			isa = PBXGroup;
			children = (
				370736F229FDC697009B9514 /* WorkoutJ.app */,
			);
			name = Products;
			sourceTree = "<group>";
		};
		370736F429FDC697009B9514 /* WorkoutJ */ = {
			isa = PBXGroup;
			children = (
				37DCB8932A10485C000AF931 /* Util */,
				370737282A08FDDF009B9514 /* DataWorkers */,
				3707370A29FDCCD3009B9514 /* Views */,
				3707370929FDCCCB009B9514 /* Models */,
				370736F529FDC697009B9514 /* WorkoutJApp.swift */,
				370736FE29FDC698009B9514 /* Assets.xcassets */,
				3707370029FDC698009B9514 /* WorkoutJ.entitlements */,
				370736F929FDC697009B9514 /* WorkoutJ.xcdatamodeld */,
				3707370129FDC698009B9514 /* Preview Content */,
			);
			path = WorkoutJ;
			sourceTree = "<group>";
		};
		3707370129FDC698009B9514 /* Preview Content */ = {
			isa = PBXGroup;
			children = (
				3707370229FDC698009B9514 /* Preview Assets.xcassets */,
			);
			path = "Preview Content";
			sourceTree = "<group>";
		};
		3707370929FDCCCB009B9514 /* Models */ = {
			isa = PBXGroup;
			children = (
				377C62472A1A725500383082 /* PersonSizes+CoreDataClass.swift */,
				377C62482A1A725500383082 /* PersonSizes+CoreDataProperties.swift */,
				377C62492A1A725500383082 /* PersonPerformance+CoreDataClass.swift */,
				377C624A2A1A725500383082 /* PersonPerformance+CoreDataProperties.swift */,
				377C624B2A1A725500383082 /* Person+CoreDataClass.swift */,
				377C624C2A1A725500383082 /* Person+CoreDataProperties.swift */,
				3707372D2A09147D009B9514 /* SetOfExercise+CoreDataClass.swift */,
				3707372E2A09147D009B9514 /* SetOfExercise+CoreDataProperties.swift */,
				3707370D29FDCE0B009B9514 /* Workout+CoreDataClass.swift */,
				3707370E29FDCE0B009B9514 /* Workout+CoreDataProperties.swift */,
				3707370F29FDCE0B009B9514 /* Exercise+CoreDataClass.swift */,
				3707371029FDCE0B009B9514 /* Exercise+CoreDataProperties.swift */,
				3707372B2A09002C009B9514 /* ShareModels.swift */,
			);
			path = Models;
			sourceTree = "<group>";
		};
		3707370A29FDCCD3009B9514 /* Views */ = {
			isa = PBXGroup;
			children = (
				37DCB89A2A1048D2000AF931 /* ShowingViews */,
				37DCB8992A1048BD000AF931 /* CreatingViews */,
				37DCB8982A1048B3000AF931 /* BtnViews */,
			);
			path = Views;
			sourceTree = "<group>";
		};
		370737282A08FDDF009B9514 /* DataWorkers */ = {
			isa = PBXGroup;
			children = (
				370736F729FDC697009B9514 /* Persistence.swift */,
				3707370B29FDCD79009B9514 /* DataHolder.swift */,
				370737292A08FE41009B9514 /* ShareService.swift */,
			);
			path = DataWorkers;
			sourceTree = "<group>";
		};
		377C62412A1943B200383082 /* AuxiliaryViews */ = {
			isa = PBXGroup;
			children = (
				37EC4EE82A14359C00682550 /* OneExerciseCellView.swift */,
				37DCB89C2A1049DA000AF931 /* OneSetView.swift */,
				377C623F2A19051800383082 /* OneWorkoutInfoView.swift */,
				370737262A086732009B9514 /* CheckBoxView.swift */,
			);
			path = AuxiliaryViews;
			sourceTree = "<group>";
		};
		377C62422A19460800383082 /* MainViews */ = {
			isa = PBXGroup;
			children = (
				370736FC29FDC697009B9514 /* WorkoutsView.swift */,
				3707371D29FFD769009B9514 /* OneWorkoutPlanView.swift */,
				370737242A08643D009B9514 /* OneWorkoutCellView.swift */,
				377C62432A19BA5300383082 /* PersonView.swift */,
			);
			path = MainViews;
			sourceTree = "<group>";
		};
		37DCB8932A10485C000AF931 /* Util */ = {
			isa = PBXGroup;
			children = (
				37DCB8942A104882000AF931 /* REF_ToModelExtension.swift */,
				37DCB8962A1048A0000AF931 /* Formatter.swift */,
			);
			path = Util;
			sourceTree = "<group>";
		};
		37DCB8982A1048B3000AF931 /* BtnViews */ = {
			isa = PBXGroup;
			children = (
				3707371729FED0DA009B9514 /* AddWorkoutBtnView.swift */,
				370737212A003F86009B9514 /* AddExerciseBtnView.swift */,
				377C62452A1A63CF00383082 /* OpenPersonStatsBtnView.swift */,
			);
			path = BtnViews;
			sourceTree = "<group>";
		};
		37DCB8992A1048BD000AF931 /* CreatingViews */ = {
			isa = PBXGroup;
			children = (
				3707371529FDD56F009B9514 /* CreateUpdateWorkoutView.swift */,
				3707371F2A0020F8009B9514 /* CreateUpdateExerciseView.swift */,
			);
			path = CreatingViews;
			sourceTree = "<group>";
		};
		37DCB89A2A1048D2000AF931 /* ShowingViews */ = {
			isa = PBXGroup;
			children = (
				377C62422A19460800383082 /* MainViews */,
				377C62412A1943B200383082 /* AuxiliaryViews */,
			);
			path = ShowingViews;
			sourceTree = "<group>";
		};
/* End PBXGroup section */

/* Begin PBXNativeTarget section */
		370736F129FDC697009B9514 /* WorkoutJ */ = {
			isa = PBXNativeTarget;
			buildConfigurationList = 3707370629FDC698009B9514 /* Build configuration list for PBXNativeTarget "WorkoutJ" */;
			buildPhases = (
				370736EE29FDC697009B9514 /* Sources */,
				370736EF29FDC697009B9514 /* Frameworks */,
				370736F029FDC697009B9514 /* Resources */,
			);
			buildRules = (
			);
			dependencies = (
			);
			name = WorkoutJ;
			productName = WorkoutJ;
			productReference = 370736F229FDC697009B9514 /* WorkoutJ.app */;
			productType = "com.apple.product-type.application";
		};
/* End PBXNativeTarget section */

/* Begin PBXProject section */
		370736EA29FDC697009B9514 /* Project object */ = {
			isa = PBXProject;
			attributes = {
				BuildIndependentTargetsInParallel = 1;
				LastSwiftUpdateCheck = 1430;
				LastUpgradeCheck = 1430;
				TargetAttributes = {
					370736F129FDC697009B9514 = {
						CreatedOnToolsVersion = 14.3;
					};
				};
			};
			buildConfigurationList = 370736ED29FDC697009B9514 /* Build configuration list for PBXProject "WorkoutJ" */;
			compatibilityVersion = "Xcode 14.0";
			developmentRegion = en;
			hasScannedForEncodings = 0;
			knownRegions = (
				en,
				Base,
			);
			mainGroup = 370736E929FDC697009B9514;
			productRefGroup = 370736F329FDC697009B9514 /* Products */;
			projectDirPath = "";
			projectRoot = "";
			targets = (
				370736F129FDC697009B9514 /* WorkoutJ */,
			);
		};
/* End PBXProject section */

/* Begin PBXResourcesBuildPhase section */
		370736F029FDC697009B9514 /* Resources */ = {
			isa = PBXResourcesBuildPhase;
			buildActionMask = 2147483647;
			files = (
				3707370329FDC698009B9514 /* Preview Assets.xcassets in Resources */,
				370736FF29FDC698009B9514 /* Assets.xcassets in Resources */,
			);
			runOnlyForDeploymentPostprocessing = 0;
		};
/* End PBXResourcesBuildPhase section */

/* Begin PBXSourcesBuildPhase section */
		370736EE29FDC697009B9514 /* Sources */ = {
			isa = PBXSourcesBuildPhase;
			buildActionMask = 2147483647;
			files = (
				37DCB8972A1048A0000AF931 /* Formatter.swift in Sources */,
				370736FB29FDC697009B9514 /* WorkoutJ.xcdatamodeld in Sources */,
				3707371129FDCE0B009B9514 /* Workout+CoreDataClass.swift in Sources */,
				3707371629FDD56F009B9514 /* CreateUpdateWorkoutView.swift in Sources */,
				3707372F2A09147D009B9514 /* SetOfExercise+CoreDataClass.swift in Sources */,
				3707370C29FDCD79009B9514 /* DataHolder.swift in Sources */,
				3707371329FDCE0B009B9514 /* Exercise+CoreDataClass.swift in Sources */,
				370737202A0020F8009B9514 /* CreateUpdateExerciseView.swift in Sources */,
				370737252A08643D009B9514 /* OneWorkoutCellView.swift in Sources */,
				377C624E2A1A725500383082 /* PersonSizes+CoreDataProperties.swift in Sources */,
				377C62462A1A63CF00383082 /* OpenPersonStatsBtnView.swift in Sources */,
				377C62442A19BA5300383082 /* PersonView.swift in Sources */,
				3707372C2A09002C009B9514 /* ShareModels.swift in Sources */,
				370736F629FDC697009B9514 /* WorkoutJApp.swift in Sources */,
				3707371229FDCE0B009B9514 /* Workout+CoreDataProperties.swift in Sources */,
				3707371829FED0DA009B9514 /* AddWorkoutBtnView.swift in Sources */,
				377C62512A1A725500383082 /* Person+CoreDataClass.swift in Sources */,
				37DCB89D2A1049DA000AF931 /* OneSetView.swift in Sources */,
				377C62402A19051800383082 /* OneWorkoutInfoView.swift in Sources */,
				37DCB8952A104882000AF931 /* REF_ToModelExtension.swift in Sources */,
				377C624F2A1A725500383082 /* PersonPerformance+CoreDataClass.swift in Sources */,
				370737222A003F86009B9514 /* AddExerciseBtnView.swift in Sources */,
				370737302A09147D009B9514 /* SetOfExercise+CoreDataProperties.swift in Sources */,
				370736FD29FDC697009B9514 /* WorkoutsView.swift in Sources */,
				370736F829FDC697009B9514 /* Persistence.swift in Sources */,
				3707371E29FFD769009B9514 /* OneWorkoutPlanView.swift in Sources */,
				377C62502A1A725500383082 /* PersonPerformance+CoreDataProperties.swift in Sources */,
				3707372A2A08FE41009B9514 /* ShareService.swift in Sources */,
				37EC4EE92A14359C00682550 /* OneExerciseCellView.swift in Sources */,
				3707371429FDCE0B009B9514 /* Exercise+CoreDataProperties.swift in Sources */,
				370737272A086732009B9514 /* CheckBoxView.swift in Sources */,
				377C624D2A1A725500383082 /* PersonSizes+CoreDataClass.swift in Sources */,
				377C62522A1A725500383082 /* Person+CoreDataProperties.swift in Sources */,
			);
			runOnlyForDeploymentPostprocessing = 0;
		};
/* End PBXSourcesBuildPhase section */

/* Begin XCBuildConfiguration section */
		3707370429FDC698009B9514 /* Debug */ = {
			isa = XCBuildConfiguration;
			buildSettings = {
				ALWAYS_SEARCH_USER_PATHS = NO;
				CLANG_ANALYZER_NONNULL = YES;
				CLANG_ANALYZER_NUMBER_OBJECT_CONVERSION = YES_AGGRESSIVE;
				CLANG_CXX_LANGUAGE_STANDARD = "gnu++20";
				CLANG_ENABLE_MODULES = YES;
				CLANG_ENABLE_OBJC_ARC = YES;
				CLANG_ENABLE_OBJC_WEAK = YES;
				CLANG_WARN_BLOCK_CAPTURE_AUTORELEASING = YES;
				CLANG_WARN_BOOL_CONVERSION = YES;
				CLANG_WARN_COMMA = YES;
				CLANG_WARN_CONSTANT_CONVERSION = YES;
				CLANG_WARN_DEPRECATED_OBJC_IMPLEMENTATIONS = YES;
				CLANG_WARN_DIRECT_OBJC_ISA_USAGE = YES_ERROR;
				CLANG_WARN_DOCUMENTATION_COMMENTS = YES;
				CLANG_WARN_EMPTY_BODY = YES;
				CLANG_WARN_ENUM_CONVERSION = YES;
				CLANG_WARN_INFINITE_RECURSION = YES;
				CLANG_WARN_INT_CONVERSION = YES;
				CLANG_WARN_NON_LITERAL_NULL_CONVERSION = YES;
				CLANG_WARN_OBJC_IMPLICIT_RETAIN_SELF = YES;
				CLANG_WARN_OBJC_LITERAL_CONVERSION = YES;
				CLANG_WARN_OBJC_ROOT_CLASS = YES_ERROR;
				CLANG_WARN_QUOTED_INCLUDE_IN_FRAMEWORK_HEADER = YES;
				CLANG_WARN_RANGE_LOOP_ANALYSIS = YES;
				CLANG_WARN_STRICT_PROTOTYPES = YES;
				CLANG_WARN_SUSPICIOUS_MOVE = YES;
				CLANG_WARN_UNGUARDED_AVAILABILITY = YES_AGGRESSIVE;
				CLANG_WARN_UNREACHABLE_CODE = YES;
				CLANG_WARN__DUPLICATE_METHOD_MATCH = YES;
				COPY_PHASE_STRIP = NO;
				DEBUG_INFORMATION_FORMAT = dwarf;
				ENABLE_STRICT_OBJC_MSGSEND = YES;
				ENABLE_TESTABILITY = YES;
				GCC_C_LANGUAGE_STANDARD = gnu11;
				GCC_DYNAMIC_NO_PIC = NO;
				GCC_NO_COMMON_BLOCKS = YES;
				GCC_OPTIMIZATION_LEVEL = 0;
				GCC_PREPROCESSOR_DEFINITIONS = (
					"DEBUG=1",
					"$(inherited)",
				);
				GCC_WARN_64_TO_32_BIT_CONVERSION = YES;
				GCC_WARN_ABOUT_RETURN_TYPE = YES_ERROR;
				GCC_WARN_UNDECLARED_SELECTOR = YES;
				GCC_WARN_UNINITIALIZED_AUTOS = YES_AGGRESSIVE;
				GCC_WARN_UNUSED_FUNCTION = YES;
				GCC_WARN_UNUSED_VARIABLE = YES;
				MTL_ENABLE_DEBUG_INFO = INCLUDE_SOURCE;
				MTL_FAST_MATH = YES;
				ONLY_ACTIVE_ARCH = YES;
				SWIFT_ACTIVE_COMPILATION_CONDITIONS = DEBUG;
				SWIFT_OPTIMIZATION_LEVEL = "-Onone";
			};
			name = Debug;
		};
		3707370529FDC698009B9514 /* Release */ = {
			isa = XCBuildConfiguration;
			buildSettings = {
				ALWAYS_SEARCH_USER_PATHS = NO;
				CLANG_ANALYZER_NONNULL = YES;
				CLANG_ANALYZER_NUMBER_OBJECT_CONVERSION = YES_AGGRESSIVE;
				CLANG_CXX_LANGUAGE_STANDARD = "gnu++20";
				CLANG_ENABLE_MODULES = YES;
				CLANG_ENABLE_OBJC_ARC = YES;
				CLANG_ENABLE_OBJC_WEAK = YES;
				CLANG_WARN_BLOCK_CAPTURE_AUTORELEASING = YES;
				CLANG_WARN_BOOL_CONVERSION = YES;
				CLANG_WARN_COMMA = YES;
				CLANG_WARN_CONSTANT_CONVERSION = YES;
				CLANG_WARN_DEPRECATED_OBJC_IMPLEMENTATIONS = YES;
				CLANG_WARN_DIRECT_OBJC_ISA_USAGE = YES_ERROR;
				CLANG_WARN_DOCUMENTATION_COMMENTS = YES;
				CLANG_WARN_EMPTY_BODY = YES;
				CLANG_WARN_ENUM_CONVERSION = YES;
				CLANG_WARN_INFINITE_RECURSION = YES;
				CLANG_WARN_INT_CONVERSION = YES;
				CLANG_WARN_NON_LITERAL_NULL_CONVERSION = YES;
				CLANG_WARN_OBJC_IMPLICIT_RETAIN_SELF = YES;
				CLANG_WARN_OBJC_LITERAL_CONVERSION = YES;
				CLANG_WARN_OBJC_ROOT_CLASS = YES_ERROR;
				CLANG_WARN_QUOTED_INCLUDE_IN_FRAMEWORK_HEADER = YES;
				CLANG_WARN_RANGE_LOOP_ANALYSIS = YES;
				CLANG_WARN_STRICT_PROTOTYPES = YES;
				CLANG_WARN_SUSPICIOUS_MOVE = YES;
				CLANG_WARN_UNGUARDED_AVAILABILITY = YES_AGGRESSIVE;
				CLANG_WARN_UNREACHABLE_CODE = YES;
				CLANG_WARN__DUPLICATE_METHOD_MATCH = YES;
				COPY_PHASE_STRIP = NO;
				DEBUG_INFORMATION_FORMAT = "dwarf-with-dsym";
				ENABLE_NS_ASSERTIONS = NO;
				ENABLE_STRICT_OBJC_MSGSEND = YES;
				GCC_C_LANGUAGE_STANDARD = gnu11;
				GCC_NO_COMMON_BLOCKS = YES;
				GCC_WARN_64_TO_32_BIT_CONVERSION = YES;
				GCC_WARN_ABOUT_RETURN_TYPE = YES_ERROR;
				GCC_WARN_UNDECLARED_SELECTOR = YES;
				GCC_WARN_UNINITIALIZED_AUTOS = YES_AGGRESSIVE;
				GCC_WARN_UNUSED_FUNCTION = YES;
				GCC_WARN_UNUSED_VARIABLE = YES;
				MTL_ENABLE_DEBUG_INFO = NO;
				MTL_FAST_MATH = YES;
				SWIFT_COMPILATION_MODE = wholemodule;
				SWIFT_OPTIMIZATION_LEVEL = "-O";
			};
			name = Release;
		};
		3707370729FDC698009B9514 /* Debug */ = {
			isa = XCBuildConfiguration;
			buildSettings = {
				ASSETCATALOG_COMPILER_APPICON_NAME = AppIcon;
				ASSETCATALOG_COMPILER_GLOBAL_ACCENT_COLOR_NAME = AccentColor;
				CODE_SIGN_ENTITLEMENTS = WorkoutJ/WorkoutJ.entitlements;
				CODE_SIGN_STYLE = Automatic;
				CURRENT_PROJECT_VERSION = 1;
				DEVELOPMENT_ASSET_PATHS = "\"WorkoutJ/Preview Content\"";
				DEVELOPMENT_TEAM = J6KZ5SHCBK;
				ENABLE_HARDENED_RUNTIME = YES;
				ENABLE_PREVIEWS = YES;
				GENERATE_INFOPLIST_FILE = YES;
				INFOPLIST_KEY_CFBundleDisplayName = WorkoutJ;
				INFOPLIST_KEY_LSApplicationCategoryType = "public.app-category.healthcare-fitness";
				"INFOPLIST_KEY_UIApplicationSceneManifest_Generation[sdk=iphoneos*]" = YES;
				"INFOPLIST_KEY_UIApplicationSceneManifest_Generation[sdk=iphonesimulator*]" = YES;
				"INFOPLIST_KEY_UIApplicationSupportsIndirectInputEvents[sdk=iphoneos*]" = YES;
				"INFOPLIST_KEY_UIApplicationSupportsIndirectInputEvents[sdk=iphonesimulator*]" = YES;
				"INFOPLIST_KEY_UILaunchScreen_Generation[sdk=iphoneos*]" = YES;
				"INFOPLIST_KEY_UILaunchScreen_Generation[sdk=iphonesimulator*]" = YES;
				"INFOPLIST_KEY_UIStatusBarStyle[sdk=iphoneos*]" = UIStatusBarStyleDefault;
				"INFOPLIST_KEY_UIStatusBarStyle[sdk=iphonesimulator*]" = UIStatusBarStyleDefault;
				INFOPLIST_KEY_UISupportedInterfaceOrientations_iPad = "UIInterfaceOrientationPortrait UIInterfaceOrientationPortraitUpsideDown UIInterfaceOrientationLandscapeLeft UIInterfaceOrientationLandscapeRight";
				INFOPLIST_KEY_UISupportedInterfaceOrientations_iPhone = "UIInterfaceOrientationPortrait UIInterfaceOrientationLandscapeLeft UIInterfaceOrientationLandscapeRight";
				IPHONEOS_DEPLOYMENT_TARGET = 16.0;
				LD_RUNPATH_SEARCH_PATHS = "@executable_path/Frameworks";
				"LD_RUNPATH_SEARCH_PATHS[sdk=macosx*]" = "@executable_path/../Frameworks";
				MACOSX_DEPLOYMENT_TARGET = 13.0;
				MARKETING_VERSION = 1.0;
				PRODUCT_BUNDLE_IDENTIFIER = hallelujah.WorkoutJ;
				PRODUCT_NAME = "$(TARGET_NAME)";
				SDKROOT = auto;
				SUPPORTED_PLATFORMS = "iphoneos iphonesimulator";
				SUPPORTS_MACCATALYST = NO;
				SUPPORTS_MAC_DESIGNED_FOR_IPHONE_IPAD = NO;
				SWIFT_EMIT_LOC_STRINGS = YES;
				SWIFT_VERSION = 5.0;
				TARGETED_DEVICE_FAMILY = "1,2";
			};
			name = Debug;
		};
		3707370829FDC698009B9514 /* Release */ = {
			isa = XCBuildConfiguration;
			buildSettings = {
				ASSETCATALOG_COMPILER_APPICON_NAME = AppIcon;
				ASSETCATALOG_COMPILER_GLOBAL_ACCENT_COLOR_NAME = AccentColor;
				CODE_SIGN_ENTITLEMENTS = WorkoutJ/WorkoutJ.entitlements;
				CODE_SIGN_STYLE = Automatic;
				CURRENT_PROJECT_VERSION = 1;
				DEVELOPMENT_ASSET_PATHS = "\"WorkoutJ/Preview Content\"";
				DEVELOPMENT_TEAM = J6KZ5SHCBK;
				ENABLE_HARDENED_RUNTIME = YES;
				ENABLE_PREVIEWS = YES;
				GENERATE_INFOPLIST_FILE = YES;
				INFOPLIST_KEY_CFBundleDisplayName = WorkoutJ;
				INFOPLIST_KEY_LSApplicationCategoryType = "public.app-category.healthcare-fitness";
				"INFOPLIST_KEY_UIApplicationSceneManifest_Generation[sdk=iphoneos*]" = YES;
				"INFOPLIST_KEY_UIApplicationSceneManifest_Generation[sdk=iphonesimulator*]" = YES;
				"INFOPLIST_KEY_UIApplicationSupportsIndirectInputEvents[sdk=iphoneos*]" = YES;
				"INFOPLIST_KEY_UIApplicationSupportsIndirectInputEvents[sdk=iphonesimulator*]" = YES;
				"INFOPLIST_KEY_UILaunchScreen_Generation[sdk=iphoneos*]" = YES;
				"INFOPLIST_KEY_UILaunchScreen_Generation[sdk=iphonesimulator*]" = YES;
				"INFOPLIST_KEY_UIStatusBarStyle[sdk=iphoneos*]" = UIStatusBarStyleDefault;
				"INFOPLIST_KEY_UIStatusBarStyle[sdk=iphonesimulator*]" = UIStatusBarStyleDefault;
				INFOPLIST_KEY_UISupportedInterfaceOrientations_iPad = "UIInterfaceOrientationPortrait UIInterfaceOrientationPortraitUpsideDown UIInterfaceOrientationLandscapeLeft UIInterfaceOrientationLandscapeRight";
				INFOPLIST_KEY_UISupportedInterfaceOrientations_iPhone = "UIInterfaceOrientationPortrait UIInterfaceOrientationLandscapeLeft UIInterfaceOrientationLandscapeRight";
				IPHONEOS_DEPLOYMENT_TARGET = 16.0;
				LD_RUNPATH_SEARCH_PATHS = "@executable_path/Frameworks";
				"LD_RUNPATH_SEARCH_PATHS[sdk=macosx*]" = "@executable_path/../Frameworks";
				MACOSX_DEPLOYMENT_TARGET = 13.0;
				MARKETING_VERSION = 1.0;
				PRODUCT_BUNDLE_IDENTIFIER = hallelujah.WorkoutJ;
				PRODUCT_NAME = "$(TARGET_NAME)";
				SDKROOT = auto;
				SUPPORTED_PLATFORMS = "iphoneos iphonesimulator";
				SUPPORTS_MACCATALYST = NO;
				SUPPORTS_MAC_DESIGNED_FOR_IPHONE_IPAD = NO;
				SWIFT_EMIT_LOC_STRINGS = YES;
				SWIFT_VERSION = 5.0;
				TARGETED_DEVICE_FAMILY = "1,2";
			};
			name = Release;
		};
/* End XCBuildConfiguration section */

/* Begin XCConfigurationList section */
		370736ED29FDC697009B9514 /* Build configuration list for PBXProject "WorkoutJ" */ = {
			isa = XCConfigurationList;
			buildConfigurations = (
				3707370429FDC698009B9514 /* Debug */,
				3707370529FDC698009B9514 /* Release */,
			);
			defaultConfigurationIsVisible = 0;
			defaultConfigurationName = Release;
		};
		3707370629FDC698009B9514 /* Build configuration list for PBXNativeTarget "WorkoutJ" */ = {
			isa = XCConfigurationList;
			buildConfigurations = (
				3707370729FDC698009B9514 /* Debug */,
				3707370829FDC698009B9514 /* Release */,
			);
			defaultConfigurationIsVisible = 0;
			defaultConfigurationName = Release;
		};
/* End XCConfigurationList section */

/* Begin XCVersionGroup section */
		370736F929FDC697009B9514 /* WorkoutJ.xcdatamodeld */ = {
			isa = XCVersionGroup;
			children = (
				370736FA29FDC697009B9514 /* WorkoutJ.xcdatamodel */,
			);
			currentVersion = 370736FA29FDC697009B9514 /* WorkoutJ.xcdatamodel */;
			path = WorkoutJ.xcdatamodeld;
			sourceTree = "<group>";
			versionGroupType = wrapper.xcdatamodel;
		};
/* End XCVersionGroup section */
	};
	rootObject = 370736EA29FDC697009B9514 /* Project object */;
}
